
Microsoft Visual Studio Solution File, Format Version 12.00
# Visual Studio 15
VisualStudioVersion = 15.0.28010.2048
MinimumVisualStudioVersion = 10.0.40219.1
Project("{FAE04EC0-301F-11D3-BF4B-00C04F79EFBC}") = "WebScrapper", "WebScrapper\WebScrapper.csproj", "{BE1253C3-3DF4-46B6-A109-1952D0ED1CFA}"
EndProject
Global
	GlobalSection(SolutionConfigurationPlatforms) = preSolution
		Debug|Any CPU = Debug|Any CPU
		Release|Any CPU = Release|Any CPU
	EndGlobalSection
	GlobalSection(ProjectConfigurationPlatforms) = postSolution
		{BE1253C3-3DF4-46B6-A109-1952D0ED1CFA}.Debug|Any CPU.ActiveCfg = Debug|Any CPU
		{BE1253C3-3DF4-46B6-A109-1952D0ED1CFA}.Debug|Any CPU.Build.0 = Debug|Any CPU
		{BE1253C3-3DF4-46B6-A109-1952D0ED1CFA}.Release|Any CPU.ActiveCfg = Release|Any CPU
		{BE1253C3-3DF4-46B6-A109-1952D0ED1CFA}.Release|Any CPU.Build.0 = Release|Any CPU
	EndGlobalSection
	GlobalSection(SolutionProperties) = preSolution
		HideSolutionNode = FALSE
	EndGlobalSection
	GlobalSection(ExtensibilityGlobals) = postSolution
		SolutionGuid = {B8AAD3A4-A06B-4D9B-80B8-AC09F301C73D}
	EndGlobalSection
EndGlobal
